{
  "originHash" : "a0d0c0c4e9f04525a55c79dd78c5d1a2a45bc1bf46e5700c80b30628ef83beb3",
  "pins" : [
    {
      "identity" : "ios-sdk",
      "kind" : "remoteSourceControl",
      "location" : "https://github.com/spotify/ios-sdk",
      "state" : {
        "branch" : "master",
        "revision" : "cc087da108cc95f3ca4aa4e64a526be688472bcb"
      }
    },
    {
      "identity" : "realm-core",
      "kind" : "remoteSourceControl",
      "location" : "https://github.com/realm/realm-core.git",
      "state" : {
        "revision" : "dea51e1e9b2219689cf27b44a0206135b984f9cf",
        "version" : "14.11.1"
      }
    },
    {
      "identity" : "realm-swift",
      "kind" : "remoteSourceControl",
      "location" : "https://github.com/realm/realm-swift.git",
      "state" : {
        "branch" : "master",
        "revision" : "76d79455a3d736ec01d4ef1864aa62cc5f0fc2cb"
      }
    },
    {
      "identity" : "swiftopenai",
      "kind" : "remoteSourceControl",
      "location" : "https://github.com/jamesrochabrun/SwiftOpenAI.git",
      "state" : {
        "branch" : "main",
        "revision" : "091f5ee42741a8f04583357e683e38cb788205e9"
      }
    }
  ],
  "version" : 3
}
